
Microsoft Visual Studio Solution File, Format Version 12.00
# Visual Studio Version 17
VisualStudioVersion = 17.5.2.0
MinimumVisualStudioVersion = 10.0.40219.1
Project("{FAE04EC0-301F-11D3-BF4B-00C04F79EFBC}") = "ai-stock-trade-app", "ai-stock-trade-app\ai-stock-trade-app.csproj", "{1B89D876-27EE-C406-FB67-690354BAE762}"
EndProject
Project("{FAE04EC0-301F-11D3-BF4B-00C04F79EFBC}") = "ai-stock-trade-app.Tests", "ai-stock-trade-app.Tests\ai-stock-trade-app.Tests.csproj", "{2C89E876-27EE-C406-FB67-690354BAE763}"
EndProject
Project("{FAE04EC0-301F-11D3-BF4B-00C04F79EFBC}") = "ai-stock-trade-app.UITests", "ai-stock-trade-app.UITests\ai-stock-trade-app.UITests.csproj", "{145D0B05-9B10-68AA-C529-C412DB25002A}"
EndProject
Project("{FAE04EC0-301F-11D3-BF4B-00C04F79EFBC}") = "ai-stock-trade-app.Api", "ai-stock-trade-app.Api\ai-stock-trade-app.Api.csproj", "{56032D36-4646-7CB1-4907-F2E7E9629FF4}"
EndProject
Project("{FAE04EC0-301F-11D3-BF4B-00C04F79EFBC}") = "ai-stock-trade-app.DataAccess", "ai-stock-trade-app.DataAccess\ai-stock-trade-app.DataAccess.csproj", "{561FA567-45FD-81DB-7D92-FCBC8E183216}"
EndProject
Project("{FAE04EC0-301F-11D3-BF4B-00C04F79EFBC}") = "ai-stock-trade-app.Entities", "ai-stock-trade-app.Entities\ai-stock-trade-app.Entities.csproj", "{60EBB183-0F67-A8B5-28C0-4F4D2A8E4CE2}"
EndProject
Project("{FAE04EC0-301F-11D3-BF4B-00C04F79EFBC}") = "ai-stock-trade-app.Services", "ai-stock-trade-app.Services\ai-stock-trade-app.Services.csproj", "{5A421A1F-E161-15FA-63E8-B044378297D1}"
EndProject
Global
	GlobalSection(SolutionConfigurationPlatforms) = preSolution
		Debug|Any CPU = Debug|Any CPU
		Debug|x64 = Debug|x64
		Debug|x86 = Debug|x86
		Release|Any CPU = Release|Any CPU
		Release|x64 = Release|x64
		Release|x86 = Release|x86
	EndGlobalSection
	GlobalSection(ProjectConfigurationPlatforms) = postSolution
		{1B89D876-27EE-C406-FB67-690354BAE762}.Debug|Any CPU.ActiveCfg = Debug|Any CPU
		{1B89D876-27EE-C406-FB67-690354BAE762}.Debug|Any CPU.Build.0 = Debug|Any CPU
		{1B89D876-27EE-C406-FB67-690354BAE762}.Debug|x64.ActiveCfg = Debug|Any CPU
		{1B89D876-27EE-C406-FB67-690354BAE762}.Debug|x64.Build.0 = Debug|Any CPU
		{1B89D876-27EE-C406-FB67-690354BAE762}.Debug|x86.ActiveCfg = Debug|Any CPU
		{1B89D876-27EE-C406-FB67-690354BAE762}.Debug|x86.Build.0 = Debug|Any CPU
		{1B89D876-27EE-C406-FB67-690354BAE762}.Release|Any CPU.ActiveCfg = Release|Any CPU
		{1B89D876-27EE-C406-FB67-690354BAE762}.Release|Any CPU.Build.0 = Release|Any CPU
		{1B89D876-27EE-C406-FB67-690354BAE762}.Release|x64.ActiveCfg = Release|Any CPU
		{1B89D876-27EE-C406-FB67-690354BAE762}.Release|x64.Build.0 = Release|Any CPU
		{1B89D876-27EE-C406-FB67-690354BAE762}.Release|x86.ActiveCfg = Release|Any CPU
		{1B89D876-27EE-C406-FB67-690354BAE762}.Release|x86.Build.0 = Release|Any CPU
		{2C89E876-27EE-C406-FB67-690354BAE763}.Debug|Any CPU.ActiveCfg = Debug|Any CPU
		{2C89E876-27EE-C406-FB67-690354BAE763}.Debug|Any CPU.Build.0 = Debug|Any CPU
		{2C89E876-27EE-C406-FB67-690354BAE763}.Debug|x64.ActiveCfg = Debug|Any CPU
		{2C89E876-27EE-C406-FB67-690354BAE763}.Debug|x64.Build.0 = Debug|Any CPU
		{2C89E876-27EE-C406-FB67-690354BAE763}.Debug|x86.ActiveCfg = Debug|Any CPU
		{2C89E876-27EE-C406-FB67-690354BAE763}.Debug|x86.Build.0 = Debug|Any CPU
		{2C89E876-27EE-C406-FB67-690354BAE763}.Release|Any CPU.ActiveCfg = Release|Any CPU
		{2C89E876-27EE-C406-FB67-690354BAE763}.Release|Any CPU.Build.0 = Release|Any CPU
		{2C89E876-27EE-C406-FB67-690354BAE763}.Release|x64.ActiveCfg = Release|Any CPU
		{2C89E876-27EE-C406-FB67-690354BAE763}.Release|x64.Build.0 = Release|Any CPU
		{2C89E876-27EE-C406-FB67-690354BAE763}.Release|x86.ActiveCfg = Release|Any CPU
		{2C89E876-27EE-C406-FB67-690354BAE763}.Release|x86.Build.0 = Release|Any CPU
		{145D0B05-9B10-68AA-C529-C412DB25002A}.Debug|Any CPU.ActiveCfg = Debug|Any CPU
		{145D0B05-9B10-68AA-C529-C412DB25002A}.Debug|Any CPU.Build.0 = Debug|Any CPU
		{145D0B05-9B10-68AA-C529-C412DB25002A}.Debug|x64.ActiveCfg = Debug|Any CPU
		{145D0B05-9B10-68AA-C529-C412DB25002A}.Debug|x64.Build.0 = Debug|Any CPU
		{145D0B05-9B10-68AA-C529-C412DB25002A}.Debug|x86.ActiveCfg = Debug|Any CPU
		{145D0B05-9B10-68AA-C529-C412DB25002A}.Debug|x86.Build.0 = Debug|Any CPU
		{145D0B05-9B10-68AA-C529-C412DB25002A}.Release|Any CPU.ActiveCfg = Release|Any CPU
		{145D0B05-9B10-68AA-C529-C412DB25002A}.Release|Any CPU.Build.0 = Release|Any CPU
		{145D0B05-9B10-68AA-C529-C412DB25002A}.Release|x64.ActiveCfg = Release|Any CPU
		{145D0B05-9B10-68AA-C529-C412DB25002A}.Release|x64.Build.0 = Release|Any CPU
		{145D0B05-9B10-68AA-C529-C412DB25002A}.Release|x86.ActiveCfg = Release|Any CPU
		{145D0B05-9B10-68AA-C529-C412DB25002A}.Release|x86.Build.0 = Release|Any CPU
		{56032D36-4646-7CB1-4907-F2E7E9629FF4}.Debug|Any CPU.ActiveCfg = Debug|Any CPU
		{56032D36-4646-7CB1-4907-F2E7E9629FF4}.Debug|Any CPU.Build.0 = Debug|Any CPU
		{56032D36-4646-7CB1-4907-F2E7E9629FF4}.Debug|x64.ActiveCfg = Debug|Any CPU
		{56032D36-4646-7CB1-4907-F2E7E9629FF4}.Debug|x64.Build.0 = Debug|Any CPU
		{56032D36-4646-7CB1-4907-F2E7E9629FF4}.Debug|x86.ActiveCfg = Debug|Any CPU
		{56032D36-4646-7CB1-4907-F2E7E9629FF4}.Debug|x86.Build.0 = Debug|Any CPU
		{56032D36-4646-7CB1-4907-F2E7E9629FF4}.Release|Any CPU.ActiveCfg = Release|Any CPU
		{56032D36-4646-7CB1-4907-F2E7E9629FF4}.Release|Any CPU.Build.0 = Release|Any CPU
		{56032D36-4646-7CB1-4907-F2E7E9629FF4}.Release|x64.ActiveCfg = Release|Any CPU
		{56032D36-4646-7CB1-4907-F2E7E9629FF4}.Release|x64.Build.0 = Release|Any CPU
		{56032D36-4646-7CB1-4907-F2E7E9629FF4}.Release|x86.ActiveCfg = Release|Any CPU
		{56032D36-4646-7CB1-4907-F2E7E9629FF4}.Release|x86.Build.0 = Release|Any CPU
		{561FA567-45FD-81DB-7D92-FCBC8E183216}.Debug|Any CPU.ActiveCfg = Debug|Any CPU
		{561FA567-45FD-81DB-7D92-FCBC8E183216}.Debug|Any CPU.Build.0 = Debug|Any CPU
		{561FA567-45FD-81DB-7D92-FCBC8E183216}.Debug|x64.ActiveCfg = Debug|Any CPU
		{561FA567-45FD-81DB-7D92-FCBC8E183216}.Debug|x64.Build.0 = Debug|Any CPU
		{561FA567-45FD-81DB-7D92-FCBC8E183216}.Debug|x86.ActiveCfg = Debug|Any CPU
		{561FA567-45FD-81DB-7D92-FCBC8E183216}.Debug|x86.Build.0 = Debug|Any CPU
		{561FA567-45FD-81DB-7D92-FCBC8E183216}.Release|Any CPU.ActiveCfg = Release|Any CPU
		{561FA567-45FD-81DB-7D92-FCBC8E183216}.Release|Any CPU.Build.0 = Release|Any CPU
		{561FA567-45FD-81DB-7D92-FCBC8E183216}.Release|x64.ActiveCfg = Release|Any CPU
		{561FA567-45FD-81DB-7D92-FCBC8E183216}.Release|x64.Build.0 = Release|Any CPU
		{561FA567-45FD-81DB-7D92-FCBC8E183216}.Release|x86.ActiveCfg = Release|Any CPU
		{561FA567-45FD-81DB-7D92-FCBC8E183216}.Release|x86.Build.0 = Release|Any CPU
		{60EBB183-0F67-A8B5-28C0-4F4D2A8E4CE2}.Debug|Any CPU.ActiveCfg = Debug|Any CPU
		{60EBB183-0F67-A8B5-28C0-4F4D2A8E4CE2}.Debug|Any CPU.Build.0 = Debug|Any CPU
		{60EBB183-0F67-A8B5-28C0-4F4D2A8E4CE2}.Debug|x64.ActiveCfg = Debug|Any CPU
		{60EBB183-0F67-A8B5-28C0-4F4D2A8E4CE2}.Debug|x64.Build.0 = Debug|Any CPU
		{60EBB183-0F67-A8B5-28C0-4F4D2A8E4CE2}.Debug|x86.ActiveCfg = Debug|Any CPU
		{60EBB183-0F67-A8B5-28C0-4F4D2A8E4CE2}.Debug|x86.Build.0 = Debug|Any CPU
		{60EBB183-0F67-A8B5-28C0-4F4D2A8E4CE2}.Release|Any CPU.ActiveCfg = Release|Any CPU
		{60EBB183-0F67-A8B5-28C0-4F4D2A8E4CE2}.Release|Any CPU.Build.0 = Release|Any CPU
		{60EBB183-0F67-A8B5-28C0-4F4D2A8E4CE2}.Release|x64.ActiveCfg = Release|Any CPU
		{60EBB183-0F67-A8B5-28C0-4F4D2A8E4CE2}.Release|x64.Build.0 = Release|Any CPU
		{60EBB183-0F67-A8B5-28C0-4F4D2A8E4CE2}.Release|x86.ActiveCfg = Release|Any CPU
		{60EBB183-0F67-A8B5-28C0-4F4D2A8E4CE2}.Release|x86.Build.0 = Release|Any CPU
		{5A421A1F-E161-15FA-63E8-B044378297D1}.Debug|Any CPU.ActiveCfg = Debug|Any CPU
		{5A421A1F-E161-15FA-63E8-B044378297D1}.Debug|Any CPU.Build.0 = Debug|Any CPU
		{5A421A1F-E161-15FA-63E8-B044378297D1}.Debug|x64.ActiveCfg = Debug|Any CPU
		{5A421A1F-E161-15FA-63E8-B044378297D1}.Debug|x64.Build.0 = Debug|Any CPU
		{5A421A1F-E161-15FA-63E8-B044378297D1}.Debug|x86.ActiveCfg = Debug|Any CPU
		{5A421A1F-E161-15FA-63E8-B044378297D1}.Debug|x86.Build.0 = Debug|Any CPU
		{5A421A1F-E161-15FA-63E8-B044378297D1}.Release|Any CPU.ActiveCfg = Release|Any CPU
		{5A421A1F-E161-15FA-63E8-B044378297D1}.Release|Any CPU.Build.0 = Release|Any CPU
		{5A421A1F-E161-15FA-63E8-B044378297D1}.Release|x64.ActiveCfg = Release|Any CPU
		{5A421A1F-E161-15FA-63E8-B044378297D1}.Release|x64.Build.0 = Release|Any CPU
		{5A421A1F-E161-15FA-63E8-B044378297D1}.Release|x86.ActiveCfg = Release|Any CPU
		{5A421A1F-E161-15FA-63E8-B044378297D1}.Release|x86.Build.0 = Release|Any CPU
	EndGlobalSection
	GlobalSection(SolutionProperties) = preSolution
		HideSolutionNode = FALSE
	EndGlobalSection
	GlobalSection(ExtensibilityGlobals) = postSolution
		SolutionGuid = {AF8F5C2E-F18C-4518-AC9C-D057E87C6629}
	EndGlobalSection
EndGlobal
