
Microsoft Visual Studio Solution File, Format Version 12.00
# Visual Studio Version 17
VisualStudioVersion = 17.5.2.0
MinimumVisualStudioVersion = 10.0.40219.1
Project("{FAE04EC0-301F-11D3-BF4B-00C04F79EFBC}") = "AiStockTradeApp", "AiStockTradeApp\AiStockTradeApp.csproj", "{7EC003B5-8D06-80B8-FE86-EAE869B72D52}"
EndProject
Project("{FAE04EC0-301F-11D3-BF4B-00C04F79EFBC}") = "AiStockTradeApp.Api", "AiStockTradeApp.Api\AiStockTradeApp.Api.csproj", "{49378AA1-4BCA-0B15-7ED6-C10CA8F036A4}"
EndProject
Project("{FAE04EC0-301F-11D3-BF4B-00C04F79EFBC}") = "AiStockTradeApp.DataAccess", "AiStockTradeApp.DataAccess\AiStockTradeApp.DataAccess.csproj", "{6CDA6B3D-7278-E2DD-E4E5-8005FEDAFE89}"
EndProject
Project("{FAE04EC0-301F-11D3-BF4B-00C04F79EFBC}") = "AiStockTradeApp.Entities", "AiStockTradeApp.Entities\AiStockTradeApp.Entities.csproj", "{2DB79E07-C5CB-5592-BE59-0FEF438BFB71}"
EndProject
Project("{FAE04EC0-301F-11D3-BF4B-00C04F79EFBC}") = "AiStockTradeApp.Services", "AiStockTradeApp.Services\AiStockTradeApp.Services.csproj", "{BB620C1C-C937-FDBD-7058-6FA393F9148F}"
EndProject
Project("{FAE04EC0-301F-11D3-BF4B-00C04F79EFBC}") = "AiStockTradeApp.Tests", "AiStockTradeApp.Tests\AiStockTradeApp.Tests.csproj", "{BAEA1F2F-690E-B07A-1F34-6F25493D6CE8}"
EndProject
Project("{FAE04EC0-301F-11D3-BF4B-00C04F79EFBC}") = "AiStockTradeApp.UITests", "AiStockTradeApp.UITests\AiStockTradeApp.UITests.csproj", "{586A0520-5F40-DD96-6FD0-3F1AEC22A279}"
EndProject
Project("{E53339B2-1760-4266-BCC7-CA923CBCF16C}") = "docker-compose", "docker-compose.dcproj", "{81DDED9D-158B-E303-5F62-77A2896D2A5A}"
EndProject
Project("{FAE04EC0-301F-11D3-BF4B-00C04F79EFBC}") = "AiStockTradeApp.Cli", "AiStockTradeApp.Cli\AiStockTradeApp.Cli.csproj", "{4D2A7F8B-1F38-4D1A-9E22-1B3D6B7B0B1B}"
EndProject
Project("{FAE04EC0-301F-11D3-BF4B-00C04F79EFBC}") = "AiStockTradeApp.McpServer", "AiStockTradeApp.McpServer\AiStockTradeApp.McpServer.csproj", "{4B462A22-EA66-7530-6194-F931BE1327D6}"
EndProject
Project("{FAE04EC0-301F-11D3-BF4B-00C04F79EFBC}") = "AiStockTradeApp.SeleniumTests", "AiStockTradeApp.SeleniumTests\AiStockTradeApp.SeleniumTests.csproj", "{797D18A1-B66B-4D69-917A-82B09C7065D5}"
EndProject
Global
	GlobalSection(SolutionConfigurationPlatforms) = preSolution
		Debug|Any CPU = Debug|Any CPU
		Debug|x64 = Debug|x64
		Debug|x86 = Debug|x86
		Release|Any CPU = Release|Any CPU
		Release|x64 = Release|x64
		Release|x86 = Release|x86
	EndGlobalSection
	GlobalSection(ProjectConfigurationPlatforms) = postSolution
		{7EC003B5-8D06-80B8-FE86-EAE869B72D52}.Debug|Any CPU.ActiveCfg = Debug|Any CPU
		{7EC003B5-8D06-80B8-FE86-EAE869B72D52}.Debug|Any CPU.Build.0 = Debug|Any CPU
		{7EC003B5-8D06-80B8-FE86-EAE869B72D52}.Debug|x64.ActiveCfg = Debug|Any CPU
		{7EC003B5-8D06-80B8-FE86-EAE869B72D52}.Debug|x64.Build.0 = Debug|Any CPU
		{7EC003B5-8D06-80B8-FE86-EAE869B72D52}.Debug|x86.ActiveCfg = Debug|Any CPU
		{7EC003B5-8D06-80B8-FE86-EAE869B72D52}.Debug|x86.Build.0 = Debug|Any CPU
		{7EC003B5-8D06-80B8-FE86-EAE869B72D52}.Release|Any CPU.ActiveCfg = Release|Any CPU
		{7EC003B5-8D06-80B8-FE86-EAE869B72D52}.Release|Any CPU.Build.0 = Release|Any CPU
		{7EC003B5-8D06-80B8-FE86-EAE869B72D52}.Release|x64.ActiveCfg = Release|Any CPU
		{7EC003B5-8D06-80B8-FE86-EAE869B72D52}.Release|x64.Build.0 = Release|Any CPU
		{7EC003B5-8D06-80B8-FE86-EAE869B72D52}.Release|x86.ActiveCfg = Release|Any CPU
		{7EC003B5-8D06-80B8-FE86-EAE869B72D52}.Release|x86.Build.0 = Release|Any CPU
		{49378AA1-4BCA-0B15-7ED6-C10CA8F036A4}.Debug|Any CPU.ActiveCfg = Debug|Any CPU
		{49378AA1-4BCA-0B15-7ED6-C10CA8F036A4}.Debug|Any CPU.Build.0 = Debug|Any CPU
		{49378AA1-4BCA-0B15-7ED6-C10CA8F036A4}.Debug|x64.ActiveCfg = Debug|Any CPU
		{49378AA1-4BCA-0B15-7ED6-C10CA8F036A4}.Debug|x64.Build.0 = Debug|Any CPU
		{49378AA1-4BCA-0B15-7ED6-C10CA8F036A4}.Debug|x86.ActiveCfg = Debug|Any CPU
		{49378AA1-4BCA-0B15-7ED6-C10CA8F036A4}.Debug|x86.Build.0 = Debug|Any CPU
		{49378AA1-4BCA-0B15-7ED6-C10CA8F036A4}.Release|Any CPU.ActiveCfg = Release|Any CPU
		{49378AA1-4BCA-0B15-7ED6-C10CA8F036A4}.Release|Any CPU.Build.0 = Release|Any CPU
		{49378AA1-4BCA-0B15-7ED6-C10CA8F036A4}.Release|x64.ActiveCfg = Release|Any CPU
		{49378AA1-4BCA-0B15-7ED6-C10CA8F036A4}.Release|x64.Build.0 = Release|Any CPU
		{49378AA1-4BCA-0B15-7ED6-C10CA8F036A4}.Release|x86.ActiveCfg = Release|Any CPU
		{49378AA1-4BCA-0B15-7ED6-C10CA8F036A4}.Release|x86.Build.0 = Release|Any CPU
		{6CDA6B3D-7278-E2DD-E4E5-8005FEDAFE89}.Debug|Any CPU.ActiveCfg = Debug|Any CPU
		{6CDA6B3D-7278-E2DD-E4E5-8005FEDAFE89}.Debug|Any CPU.Build.0 = Debug|Any CPU
		{6CDA6B3D-7278-E2DD-E4E5-8005FEDAFE89}.Debug|x64.ActiveCfg = Debug|Any CPU
		{6CDA6B3D-7278-E2DD-E4E5-8005FEDAFE89}.Debug|x64.Build.0 = Debug|Any CPU
		{6CDA6B3D-7278-E2DD-E4E5-8005FEDAFE89}.Debug|x86.ActiveCfg = Debug|Any CPU
		{6CDA6B3D-7278-E2DD-E4E5-8005FEDAFE89}.Debug|x86.Build.0 = Debug|Any CPU
		{6CDA6B3D-7278-E2DD-E4E5-8005FEDAFE89}.Release|Any CPU.ActiveCfg = Release|Any CPU
		{6CDA6B3D-7278-E2DD-E4E5-8005FEDAFE89}.Release|Any CPU.Build.0 = Release|Any CPU
		{6CDA6B3D-7278-E2DD-E4E5-8005FEDAFE89}.Release|x64.ActiveCfg = Release|Any CPU
		{6CDA6B3D-7278-E2DD-E4E5-8005FEDAFE89}.Release|x64.Build.0 = Release|Any CPU
		{6CDA6B3D-7278-E2DD-E4E5-8005FEDAFE89}.Release|x86.ActiveCfg = Release|Any CPU
		{6CDA6B3D-7278-E2DD-E4E5-8005FEDAFE89}.Release|x86.Build.0 = Release|Any CPU
		{2DB79E07-C5CB-5592-BE59-0FEF438BFB71}.Debug|Any CPU.ActiveCfg = Debug|Any CPU
		{2DB79E07-C5CB-5592-BE59-0FEF438BFB71}.Debug|Any CPU.Build.0 = Debug|Any CPU
		{2DB79E07-C5CB-5592-BE59-0FEF438BFB71}.Debug|x64.ActiveCfg = Debug|Any CPU
		{2DB79E07-C5CB-5592-BE59-0FEF438BFB71}.Debug|x64.Build.0 = Debug|Any CPU
		{2DB79E07-C5CB-5592-BE59-0FEF438BFB71}.Debug|x86.ActiveCfg = Debug|Any CPU
		{2DB79E07-C5CB-5592-BE59-0FEF438BFB71}.Debug|x86.Build.0 = Debug|Any CPU
		{2DB79E07-C5CB-5592-BE59-0FEF438BFB71}.Release|Any CPU.ActiveCfg = Release|Any CPU
		{2DB79E07-C5CB-5592-BE59-0FEF438BFB71}.Release|Any CPU.Build.0 = Release|Any CPU
		{2DB79E07-C5CB-5592-BE59-0FEF438BFB71}.Release|x64.ActiveCfg = Release|Any CPU
		{2DB79E07-C5CB-5592-BE59-0FEF438BFB71}.Release|x64.Build.0 = Release|Any CPU
		{2DB79E07-C5CB-5592-BE59-0FEF438BFB71}.Release|x86.ActiveCfg = Release|Any CPU
		{2DB79E07-C5CB-5592-BE59-0FEF438BFB71}.Release|x86.Build.0 = Release|Any CPU
		{BB620C1C-C937-FDBD-7058-6FA393F9148F}.Debug|Any CPU.ActiveCfg = Debug|Any CPU
		{BB620C1C-C937-FDBD-7058-6FA393F9148F}.Debug|Any CPU.Build.0 = Debug|Any CPU
		{BB620C1C-C937-FDBD-7058-6FA393F9148F}.Debug|x64.ActiveCfg = Debug|Any CPU
		{BB620C1C-C937-FDBD-7058-6FA393F9148F}.Debug|x64.Build.0 = Debug|Any CPU
		{BB620C1C-C937-FDBD-7058-6FA393F9148F}.Debug|x86.ActiveCfg = Debug|Any CPU
		{BB620C1C-C937-FDBD-7058-6FA393F9148F}.Debug|x86.Build.0 = Debug|Any CPU
		{BB620C1C-C937-FDBD-7058-6FA393F9148F}.Release|Any CPU.ActiveCfg = Release|Any CPU
		{BB620C1C-C937-FDBD-7058-6FA393F9148F}.Release|Any CPU.Build.0 = Release|Any CPU
		{BB620C1C-C937-FDBD-7058-6FA393F9148F}.Release|x64.ActiveCfg = Release|Any CPU
		{BB620C1C-C937-FDBD-7058-6FA393F9148F}.Release|x64.Build.0 = Release|Any CPU
		{BB620C1C-C937-FDBD-7058-6FA393F9148F}.Release|x86.ActiveCfg = Release|Any CPU
		{BB620C1C-C937-FDBD-7058-6FA393F9148F}.Release|x86.Build.0 = Release|Any CPU
		{BAEA1F2F-690E-B07A-1F34-6F25493D6CE8}.Debug|Any CPU.ActiveCfg = Debug|Any CPU
		{BAEA1F2F-690E-B07A-1F34-6F25493D6CE8}.Debug|Any CPU.Build.0 = Debug|Any CPU
		{BAEA1F2F-690E-B07A-1F34-6F25493D6CE8}.Debug|x64.ActiveCfg = Debug|Any CPU
		{BAEA1F2F-690E-B07A-1F34-6F25493D6CE8}.Debug|x64.Build.0 = Debug|Any CPU
		{BAEA1F2F-690E-B07A-1F34-6F25493D6CE8}.Debug|x86.ActiveCfg = Debug|Any CPU
		{BAEA1F2F-690E-B07A-1F34-6F25493D6CE8}.Debug|x86.Build.0 = Debug|Any CPU
		{BAEA1F2F-690E-B07A-1F34-6F25493D6CE8}.Release|Any CPU.ActiveCfg = Release|Any CPU
		{BAEA1F2F-690E-B07A-1F34-6F25493D6CE8}.Release|Any CPU.Build.0 = Release|Any CPU
		{BAEA1F2F-690E-B07A-1F34-6F25493D6CE8}.Release|x64.ActiveCfg = Release|Any CPU
		{BAEA1F2F-690E-B07A-1F34-6F25493D6CE8}.Release|x64.Build.0 = Release|Any CPU
		{BAEA1F2F-690E-B07A-1F34-6F25493D6CE8}.Release|x86.ActiveCfg = Release|Any CPU
		{BAEA1F2F-690E-B07A-1F34-6F25493D6CE8}.Release|x86.Build.0 = Release|Any CPU
		{586A0520-5F40-DD96-6FD0-3F1AEC22A279}.Debug|Any CPU.ActiveCfg = Debug|Any CPU
		{586A0520-5F40-DD96-6FD0-3F1AEC22A279}.Debug|Any CPU.Build.0 = Debug|Any CPU
		{586A0520-5F40-DD96-6FD0-3F1AEC22A279}.Debug|x64.ActiveCfg = Debug|Any CPU
		{586A0520-5F40-DD96-6FD0-3F1AEC22A279}.Debug|x64.Build.0 = Debug|Any CPU
		{586A0520-5F40-DD96-6FD0-3F1AEC22A279}.Debug|x86.ActiveCfg = Debug|Any CPU
		{586A0520-5F40-DD96-6FD0-3F1AEC22A279}.Debug|x86.Build.0 = Debug|Any CPU
		{586A0520-5F40-DD96-6FD0-3F1AEC22A279}.Release|Any CPU.ActiveCfg = Release|Any CPU
		{586A0520-5F40-DD96-6FD0-3F1AEC22A279}.Release|Any CPU.Build.0 = Release|Any CPU
		{586A0520-5F40-DD96-6FD0-3F1AEC22A279}.Release|x64.ActiveCfg = Release|Any CPU
		{586A0520-5F40-DD96-6FD0-3F1AEC22A279}.Release|x64.Build.0 = Release|Any CPU
		{586A0520-5F40-DD96-6FD0-3F1AEC22A279}.Release|x86.ActiveCfg = Release|Any CPU
		{586A0520-5F40-DD96-6FD0-3F1AEC22A279}.Release|x86.Build.0 = Release|Any CPU
		{81DDED9D-158B-E303-5F62-77A2896D2A5A}.Debug|Any CPU.ActiveCfg = Debug|Any CPU
		{81DDED9D-158B-E303-5F62-77A2896D2A5A}.Debug|Any CPU.Build.0 = Debug|Any CPU
		{81DDED9D-158B-E303-5F62-77A2896D2A5A}.Debug|x64.ActiveCfg = Debug|x64
		{81DDED9D-158B-E303-5F62-77A2896D2A5A}.Debug|x86.ActiveCfg = Debug|x86
		{81DDED9D-158B-E303-5F62-77A2896D2A5A}.Release|Any CPU.ActiveCfg = Release|Any CPU
		{81DDED9D-158B-E303-5F62-77A2896D2A5A}.Release|Any CPU.Build.0 = Release|Any CPU
		{81DDED9D-158B-E303-5F62-77A2896D2A5A}.Release|x64.ActiveCfg = Release|x64
		{81DDED9D-158B-E303-5F62-77A2896D2A5A}.Release|x86.ActiveCfg = Release|x86
		{4D2A7F8B-1F38-4D1A-9E22-1B3D6B7B0B1B}.Debug|Any CPU.ActiveCfg = Debug|Any CPU
		{4D2A7F8B-1F38-4D1A-9E22-1B3D6B7B0B1B}.Debug|Any CPU.Build.0 = Debug|Any CPU
		{4D2A7F8B-1F38-4D1A-9E22-1B3D6B7B0B1B}.Debug|x64.ActiveCfg = Debug|Any CPU
		{4D2A7F8B-1F38-4D1A-9E22-1B3D6B7B0B1B}.Debug|x64.Build.0 = Debug|Any CPU
		{4D2A7F8B-1F38-4D1A-9E22-1B3D6B7B0B1B}.Debug|x86.ActiveCfg = Debug|Any CPU
		{4D2A7F8B-1F38-4D1A-9E22-1B3D6B7B0B1B}.Debug|x86.Build.0 = Debug|Any CPU
		{4D2A7F8B-1F38-4D1A-9E22-1B3D6B7B0B1B}.Release|Any CPU.ActiveCfg = Release|Any CPU
		{4D2A7F8B-1F38-4D1A-9E22-1B3D6B7B0B1B}.Release|Any CPU.Build.0 = Release|Any CPU
		{4D2A7F8B-1F38-4D1A-9E22-1B3D6B7B0B1B}.Release|x64.ActiveCfg = Release|Any CPU
		{4D2A7F8B-1F38-4D1A-9E22-1B3D6B7B0B1B}.Release|x64.Build.0 = Release|Any CPU
		{4D2A7F8B-1F38-4D1A-9E22-1B3D6B7B0B1B}.Release|x86.ActiveCfg = Release|Any CPU
		{4D2A7F8B-1F38-4D1A-9E22-1B3D6B7B0B1B}.Release|x86.Build.0 = Release|Any CPU
		{4B462A22-EA66-7530-6194-F931BE1327D6}.Debug|Any CPU.ActiveCfg = Debug|Any CPU
		{4B462A22-EA66-7530-6194-F931BE1327D6}.Debug|Any CPU.Build.0 = Debug|Any CPU
		{4B462A22-EA66-7530-6194-F931BE1327D6}.Debug|x64.ActiveCfg = Debug|Any CPU
		{4B462A22-EA66-7530-6194-F931BE1327D6}.Debug|x64.Build.0 = Debug|Any CPU
		{4B462A22-EA66-7530-6194-F931BE1327D6}.Debug|x86.ActiveCfg = Debug|Any CPU
		{4B462A22-EA66-7530-6194-F931BE1327D6}.Debug|x86.Build.0 = Debug|Any CPU
		{4B462A22-EA66-7530-6194-F931BE1327D6}.Release|Any CPU.ActiveCfg = Release|Any CPU
		{4B462A22-EA66-7530-6194-F931BE1327D6}.Release|Any CPU.Build.0 = Release|Any CPU
		{4B462A22-EA66-7530-6194-F931BE1327D6}.Release|x64.ActiveCfg = Release|Any CPU
		{4B462A22-EA66-7530-6194-F931BE1327D6}.Release|x64.Build.0 = Release|Any CPU
		{4B462A22-EA66-7530-6194-F931BE1327D6}.Release|x86.ActiveCfg = Release|Any CPU
		{4B462A22-EA66-7530-6194-F931BE1327D6}.Release|x86.Build.0 = Release|Any CPU
		{797D18A1-B66B-4D69-917A-82B09C7065D5}.Debug|Any CPU.ActiveCfg = Debug|Any CPU
		{797D18A1-B66B-4D69-917A-82B09C7065D5}.Debug|Any CPU.Build.0 = Debug|Any CPU
		{797D18A1-B66B-4D69-917A-82B09C7065D5}.Debug|x64.ActiveCfg = Debug|Any CPU
		{797D18A1-B66B-4D69-917A-82B09C7065D5}.Debug|x64.Build.0 = Debug|Any CPU
		{797D18A1-B66B-4D69-917A-82B09C7065D5}.Debug|x86.ActiveCfg = Debug|Any CPU
		{797D18A1-B66B-4D69-917A-82B09C7065D5}.Debug|x86.Build.0 = Debug|Any CPU
		{797D18A1-B66B-4D69-917A-82B09C7065D5}.Release|Any CPU.ActiveCfg = Release|Any CPU
		{797D18A1-B66B-4D69-917A-82B09C7065D5}.Release|Any CPU.Build.0 = Release|Any CPU
		{797D18A1-B66B-4D69-917A-82B09C7065D5}.Release|x64.ActiveCfg = Release|Any CPU
		{797D18A1-B66B-4D69-917A-82B09C7065D5}.Release|x64.Build.0 = Release|Any CPU
		{797D18A1-B66B-4D69-917A-82B09C7065D5}.Release|x86.ActiveCfg = Release|Any CPU
		{797D18A1-B66B-4D69-917A-82B09C7065D5}.Release|x86.Build.0 = Release|Any CPU
	EndGlobalSection
	GlobalSection(SolutionProperties) = preSolution
		HideSolutionNode = FALSE
	EndGlobalSection
	GlobalSection(ExtensibilityGlobals) = postSolution
		SolutionGuid = {AF8F5C2E-F18C-4518-AC9C-D057E87C6629}
	EndGlobalSection
EndGlobal
